
Microsoft Visual Studio Solution File, Format Version 12.00
# Visual Studio Version 16
VisualStudioVersion = 16.0.31205.134
MinimumVisualStudioVersion = 10.0.40219.1
Project("{FAE04EC0-301F-11D3-BF4B-00C04F79EFBC}") = "CourseLibrary.API", "CourseLibrary.API\CourseLibrary.API.csproj", "{DD8C9D81-2C02-4EBE-8C51-9868FF3E0BF9}"
EndProject
Global
	GlobalSection(SolutionConfigurationPlatforms) = preSolution
		Debug|Any CPU = Debug|Any CPU
		Release|Any CPU = Release|Any CPU
	EndGlobalSection
	GlobalSection(ProjectConfigurationPlatforms) = postSolution
		{DD8C9D81-2C02-4EBE-8C51-9868FF3E0BF9}.Debug|Any CPU.ActiveCfg = Debug|Any CPU
		{DD8C9D81-2C02-4EBE-8C51-9868FF3E0BF9}.Debug|Any CPU.Build.0 = Debug|Any CPU
		{DD8C9D81-2C02-4EBE-8C51-9868FF3E0BF9}.Release|Any CPU.ActiveCfg = Release|Any CPU
		{DD8C9D81-2C02-4EBE-8C51-9868FF3E0BF9}.Release|Any CPU.Build.0 = Release|Any CPU
	EndGlobalSection
	GlobalSection(SolutionProperties) = preSolution
		HideSolutionNode = FALSE
	EndGlobalSection
	GlobalSection(ExtensibilityGlobals) = postSolution
		SolutionGuid = {21C9E7B9-259C-4323-BE98-ED498A17645E}
	EndGlobalSection
EndGlobal
